
Microsoft Visual Studio Solution File, Format Version 12.00
Project("{FAE04EC0-301F-11D3-BF4B-00C04F79EFBC}") = "SampleCoreApp", "SampleCoreApp\SampleCoreApp.csproj", "{5DEEFC5E-E6AB-4B72-A1B8-56FEE946FA18}"
EndProject
Project("{2150E333-8FDC-42A3-9474-1A3956D46DE8}") = "SolutionItems", "SolutionItems", "{4E331120-4FEC-436D-8AA6-AC9EBE1506ED}"
ProjectSection(SolutionItems) = preProject
	SolutionItems\SampleCoreApp_Deploy.ps1 = SolutionItems\SampleCoreApp_Deploy.ps1
	SolutionItems\SampleCoreApp_Host.sh = SolutionItems\SampleCoreApp_Host.sh
EndProjectSection
EndProject
Global
	GlobalSection(SolutionConfigurationPlatforms) = preSolution
		Debug|Any CPU = Debug|Any CPU
		Release|Any CPU = Release|Any CPU
	EndGlobalSection
	GlobalSection(ProjectConfigurationPlatforms) = postSolution
		{5DEEFC5E-E6AB-4B72-A1B8-56FEE946FA18}.Debug|Any CPU.ActiveCfg = Debug|Any CPU
		{5DEEFC5E-E6AB-4B72-A1B8-56FEE946FA18}.Debug|Any CPU.Build.0 = Debug|Any CPU
		{5DEEFC5E-E6AB-4B72-A1B8-56FEE946FA18}.Release|Any CPU.ActiveCfg = Release|Any CPU
		{5DEEFC5E-E6AB-4B72-A1B8-56FEE946FA18}.Release|Any CPU.Build.0 = Release|Any CPU
	EndGlobalSection
EndGlobal
