
Microsoft Visual Studio Solution File, Format Version 12.00
# Visual Studio Version 16
VisualStudioVersion = 16.0.30011.22
MinimumVisualStudioVersion = 10.0.40219.1
Project("{9A19103F-16F7-4668-BE54-9A1E7A4F7556}") = "SampleCoreApp", "SampleCoreApp\SampleCoreApp.csproj", "{5DEEFC5E-E6AB-4B72-A1B8-56FEE946FA18}"
EndProject
Project("{2150E333-8FDC-42A3-9474-1A3956D46DE8}") = "SolutionItems", "SolutionItems", "{4E331120-4FEC-436D-8AA6-AC9EBE1506ED}"
	ProjectSection(SolutionItems) = preProject
		SolutionItems\SampleCoreApp_Deploy.ps1 = SolutionItems\SampleCoreApp_Deploy.ps1
		SolutionItems\SampleCoreApp_Host.sh = SolutionItems\SampleCoreApp_Host.sh
		SolutionItems\SampleBlazorApp_Deploy.ps1 = SolutionItems\SampleBlazorApp_Deploy.ps1
	EndProjectSection
EndProject
Project("{9A19103F-16F7-4668-BE54-9A1E7A4F7556}") = "SampleBlazorApp", "SampleBlazorApp\SampleBlazorApp.csproj", "{77D8371F-514A-40F6-A776-8FE5B03FE9E1}"
EndProject
Global
	GlobalSection(SolutionConfigurationPlatforms) = preSolution
		Debug|Any CPU = Debug|Any CPU
		Release|Any CPU = Release|Any CPU
	EndGlobalSection
	GlobalSection(ProjectConfigurationPlatforms) = postSolution
		{5DEEFC5E-E6AB-4B72-A1B8-56FEE946FA18}.Debug|Any CPU.ActiveCfg = Debug|Any CPU
		{5DEEFC5E-E6AB-4B72-A1B8-56FEE946FA18}.Debug|Any CPU.Build.0 = Debug|Any CPU
		{5DEEFC5E-E6AB-4B72-A1B8-56FEE946FA18}.Release|Any CPU.ActiveCfg = Release|Any CPU
		{5DEEFC5E-E6AB-4B72-A1B8-56FEE946FA18}.Release|Any CPU.Build.0 = Release|Any CPU
		{77D8371F-514A-40F6-A776-8FE5B03FE9E1}.Debug|Any CPU.ActiveCfg = Debug|Any CPU
		{77D8371F-514A-40F6-A776-8FE5B03FE9E1}.Debug|Any CPU.Build.0 = Debug|Any CPU
		{77D8371F-514A-40F6-A776-8FE5B03FE9E1}.Release|Any CPU.ActiveCfg = Release|Any CPU
		{77D8371F-514A-40F6-A776-8FE5B03FE9E1}.Release|Any CPU.Build.0 = Release|Any CPU
	EndGlobalSection
	GlobalSection(SolutionProperties) = preSolution
		HideSolutionNode = FALSE
	EndGlobalSection
	GlobalSection(ExtensibilityGlobals) = postSolution
		SolutionGuid = {43F957ED-DA03-443F-AA01-9FA08A58D85D}
	EndGlobalSection
EndGlobal
